// !$*UTF8*$!
{
	archiveVersion = 1;
	classes = {
	};
	objectVersion = 56;
	objects = {

/* Begin PBXBuildFile section */
		A10000010000000000000001 /* SwingApp.swift in Sources */ = {isa = PBXBuildFile; fileRef = B10000010000000000000001 /* SwingApp.swift */; };
		A10000010000000000000002 /* ContentView.swift in Sources */ = {isa = PBXBuildFile; fileRef = B10000010000000000000002 /* ContentView.swift */; };
		A10000010000000000000003 /* GolfrTheme.swift in Sources */ = {isa = PBXBuildFile; fileRef = B10000010000000000000003 /* GolfrTheme.swift */; };
		A10000010000000000000004 /* MainTabView.swift in Sources */ = {isa = PBXBuildFile; fileRef = B10000010000000000000004 /* MainTabView.swift */; };
		A10000010000000000000005 /* FeedView.swift in Sources */ = {isa = PBXBuildFile; fileRef = B10000010000000000000005 /* FeedView.swift */; };
		A10000010000000000000006 /* CourseSearchView.swift in Sources */ = {isa = PBXBuildFile; fileRef = B10000010000000000000006 /* CourseSearchView.swift */; };
		A10000010000000000000007 /* ProfileView.swift in Sources */ = {isa = PBXBuildFile; fileRef = B10000010000000000000007 /* ProfileView.swift */; };
		A10000010000000000000008 /* ActivityView.swift in Sources */ = {isa = PBXBuildFile; fileRef = B10000010000000000000008 /* ActivityView.swift */; };
		A10000010000000000000009 /* AddRoundView.swift in Sources */ = {isa = PBXBuildFile; fileRef = B10000010000000000000009 /* AddRoundView.swift */; };
		A10000010000000000000010 /* LoginView.swift in Sources */ = {isa = PBXBuildFile; fileRef = B10000010000000000000010 /* LoginView.swift */; };
		A10000010000000000000011 /* AnalyticsView.swift in Sources */ = {isa = PBXBuildFile; fileRef = B10000010000000000000011 /* AnalyticsView.swift */; };
		A10000010000000000000012 /* RankingsView.swift in Sources */ = {isa = PBXBuildFile; fileRef = B10000010000000000000012 /* RankingsView.swift */; };
		A10000010000000000000013 /* PostRow.swift in Sources */ = {isa = PBXBuildFile; fileRef = B10000010000000000000013 /* PostRow.swift */; };
		A10000010000000000000014 /* CourseRow.swift in Sources */ = {isa = PBXBuildFile; fileRef = B10000010000000000000014 /* CourseRow.swift */; };
		A10000010000000000000015 /* StatsCard.swift in Sources */ = {isa = PBXBuildFile; fileRef = B10000010000000000000015 /* StatsCard.swift */; };
		A10000010000000000000016 /* AppViewModel.swift in Sources */ = {isa = PBXBuildFile; fileRef = B10000010000000000000016 /* AppViewModel.swift */; };
		A10000010000000000000017 /* FeedViewModel.swift in Sources */ = {isa = PBXBuildFile; fileRef = B10000010000000000000017 /* FeedViewModel.swift */; };
		A10000010000000000000018 /* CourseViewModel.swift in Sources */ = {isa = PBXBuildFile; fileRef = B10000010000000000000018 /* CourseViewModel.swift */; };
		A10000010000000000000019 /* User.swift in Sources */ = {isa = PBXBuildFile; fileRef = B10000010000000000000019 /* User.swift */; };
		A10000010000000000000020 /* Post.swift in Sources */ = {isa = PBXBuildFile; fileRef = B10000010000000000000020 /* Post.swift */; };
		A10000010000000000000021 /* Course.swift in Sources */ = {isa = PBXBuildFile; fileRef = B10000010000000000000021 /* Course.swift */; };
		A10000010000000000000022 /* Round.swift in Sources */ = {isa = PBXBuildFile; fileRef = B10000010000000000000022 /* Round.swift */; };
		A10000010000000000000023 /* APIService.swift in Sources */ = {isa = PBXBuildFile; fileRef = B10000010000000000000023 /* APIService.swift */; };
		A10000010000000000000024 /* Fredoka-Variable.ttf in Resources */ = {isa = PBXBuildFile; fileRef = B10000010000000000000024 /* Fredoka-Variable.ttf */; };
		B23958032F47E95500CD4EDA /* Supabase in Frameworks */ = {isa = PBXBuildFile; productRef = B23958022F47E95500CD4EDA /* Supabase */; };
		B23958062F47EABF00CD4EDA /* SupabaseClient.swift in Sources */ = {isa = PBXBuildFile; fileRef = B23958052F47EABE00CD4EDA /* SupabaseClient.swift */; };
		B23958072F47EABF00CD4EDA /* Secrets.swift in Sources */ = {isa = PBXBuildFile; fileRef = B23958042F47EABE00CD4EDA /* Secrets.swift */; };
		B23958092F47EADB00CD4EDA /* DatabaseModels.swift in Sources */ = {isa = PBXBuildFile; fileRef = B23958082F47EADB00CD4EDA /* DatabaseModels.swift */; };
/* End PBXBuildFile section */

/* Begin PBXFileReference section */
		B10000010000000000000001 /* SwingApp.swift */ = {isa = PBXFileReference; lastKnownFileType = sourcecode.swift; path = SwingApp.swift; sourceTree = "<group>"; };
		B10000010000000000000002 /* ContentView.swift */ = {isa = PBXFileReference; lastKnownFileType = sourcecode.swift; path = ContentView.swift; sourceTree = "<group>"; };
		B10000010000000000000003 /* GolfrTheme.swift */ = {isa = PBXFileReference; lastKnownFileType = sourcecode.swift; path = GolfrTheme.swift; sourceTree = "<group>"; };
		B10000010000000000000004 /* MainTabView.swift */ = {isa = PBXFileReference; lastKnownFileType = sourcecode.swift; path = MainTabView.swift; sourceTree = "<group>"; };
		B10000010000000000000005 /* FeedView.swift */ = {isa = PBXFileReference; lastKnownFileType = sourcecode.swift; path = FeedView.swift; sourceTree = "<group>"; };
		B10000010000000000000006 /* CourseSearchView.swift */ = {isa = PBXFileReference; lastKnownFileType = sourcecode.swift; path = CourseSearchView.swift; sourceTree = "<group>"; };
		B10000010000000000000007 /* ProfileView.swift */ = {isa = PBXFileReference; lastKnownFileType = sourcecode.swift; path = ProfileView.swift; sourceTree = "<group>"; };
		B10000010000000000000008 /* ActivityView.swift */ = {isa = PBXFileReference; lastKnownFileType = sourcecode.swift; path = ActivityView.swift; sourceTree = "<group>"; };
		B10000010000000000000009 /* AddRoundView.swift */ = {isa = PBXFileReference; lastKnownFileType = sourcecode.swift; path = AddRoundView.swift; sourceTree = "<group>"; };
		B10000010000000000000010 /* LoginView.swift */ = {isa = PBXFileReference; lastKnownFileType = sourcecode.swift; path = LoginView.swift; sourceTree = "<group>"; };
		B10000010000000000000011 /* AnalyticsView.swift */ = {isa = PBXFileReference; lastKnownFileType = sourcecode.swift; path = AnalyticsView.swift; sourceTree = "<group>"; };
		B10000010000000000000012 /* RankingsView.swift */ = {isa = PBXFileReference; lastKnownFileType = sourcecode.swift; path = RankingsView.swift; sourceTree = "<group>"; };
		B10000010000000000000013 /* PostRow.swift */ = {isa = PBXFileReference; lastKnownFileType = sourcecode.swift; path = PostRow.swift; sourceTree = "<group>"; };
		B10000010000000000000014 /* CourseRow.swift */ = {isa = PBXFileReference; lastKnownFileType = sourcecode.swift; path = CourseRow.swift; sourceTree = "<group>"; };
		B10000010000000000000015 /* StatsCard.swift */ = {isa = PBXFileReference; lastKnownFileType = sourcecode.swift; path = StatsCard.swift; sourceTree = "<group>"; };
		B10000010000000000000016 /* AppViewModel.swift */ = {isa = PBXFileReference; lastKnownFileType = sourcecode.swift; path = AppViewModel.swift; sourceTree = "<group>"; };
		B10000010000000000000017 /* FeedViewModel.swift */ = {isa = PBXFileReference; lastKnownFileType = sourcecode.swift; path = FeedViewModel.swift; sourceTree = "<group>"; };
		B10000010000000000000018 /* CourseViewModel.swift */ = {isa = PBXFileReference; lastKnownFileType = sourcecode.swift; path = CourseViewModel.swift; sourceTree = "<group>"; };
		B10000010000000000000019 /* User.swift */ = {isa = PBXFileReference; lastKnownFileType = sourcecode.swift; path = User.swift; sourceTree = "<group>"; };
		B10000010000000000000020 /* Post.swift */ = {isa = PBXFileReference; lastKnownFileType = sourcecode.swift; path = Post.swift; sourceTree = "<group>"; };
		B10000010000000000000021 /* Course.swift */ = {isa = PBXFileReference; lastKnownFileType = sourcecode.swift; path = Course.swift; sourceTree = "<group>"; };
		B10000010000000000000022 /* Round.swift */ = {isa = PBXFileReference; lastKnownFileType = sourcecode.swift; path = Round.swift; sourceTree = "<group>"; };
		B10000010000000000000023 /* APIService.swift */ = {isa = PBXFileReference; lastKnownFileType = sourcecode.swift; path = APIService.swift; sourceTree = "<group>"; };
		B10000010000000000000024 /* Fredoka-Variable.ttf */ = {isa = PBXFileReference; lastKnownFileType = file; path = "Fredoka-Variable.ttf"; sourceTree = "<group>"; };
		B23958042F47EABE00CD4EDA /* Secrets.swift */ = {isa = PBXFileReference; lastKnownFileType = sourcecode.swift; path = Secrets.swift; sourceTree = "<group>"; };
		B23958052F47EABE00CD4EDA /* SupabaseClient.swift */ = {isa = PBXFileReference; lastKnownFileType = sourcecode.swift; path = SupabaseClient.swift; sourceTree = "<group>"; };
		B23958082F47EADB00CD4EDA /* DatabaseModels.swift */ = {isa = PBXFileReference; lastKnownFileType = sourcecode.swift; path = DatabaseModels.swift; sourceTree = "<group>"; };
		C10000010000000000000001 /* SwingApp.app */ = {isa = PBXFileReference; explicitFileType = wrapper.application; includeInIndex = 0; path = SwingApp.app; sourceTree = BUILT_PRODUCTS_DIR; };
/* End PBXFileReference section */

/* Begin PBXFrameworksBuildPhase section */
		D10000010000000000000001 /* Frameworks */ = {
			isa = PBXFrameworksBuildPhase;
			buildActionMask = 2147483647;
			files = (
				B23958032F47E95500CD4EDA /* Supabase in Frameworks */,
			);
			runOnlyForDeploymentPostprocessing = 0;
		};
/* End PBXFrameworksBuildPhase section */

/* Begin PBXGroup section */
		B23958012F47E95500CD4EDA /* Frameworks */ = {
			isa = PBXGroup;
			children = (
			);
			name = Frameworks;
			sourceTree = "<group>";
		};
		E10000010000000000000001 = {
			isa = PBXGroup;
			children = (
				E10000010000000000000002 /* SwingApp */,
				B23958012F47E95500CD4EDA /* Frameworks */,
				E10000010000000000000099 /* Products */,
			);
			sourceTree = "<group>";
		};
		E10000010000000000000002 /* SwingApp */ = {
			isa = PBXGroup;
			children = (
				B10000010000000000000001 /* SwingApp.swift */,
				B10000010000000000000002 /* ContentView.swift */,
				E10000010000000000000003 /* Theme */,
				E10000010000000000000004 /* Views */,
				E10000010000000000000008 /* ViewModels */,
				E10000010000000000000009 /* Models */,
				E10000010000000000000010 /* Services */,
				E10000010000000000000011 /* Fonts */,
			);
			path = SwingApp;
			sourceTree = "<group>";
		};
		E10000010000000000000003 /* Theme */ = {
			isa = PBXGroup;
			children = (
				B10000010000000000000003 /* GolfrTheme.swift */,
			);
			path = Theme;
			sourceTree = "<group>";
		};
		E10000010000000000000004 /* Views */ = {
			isa = PBXGroup;
			children = (
				B10000010000000000000004 /* MainTabView.swift */,
				B10000010000000000000005 /* FeedView.swift */,
				B10000010000000000000006 /* CourseSearchView.swift */,
				B10000010000000000000007 /* ProfileView.swift */,
				B10000010000000000000008 /* ActivityView.swift */,
				B10000010000000000000009 /* AddRoundView.swift */,
				E10000010000000000000005 /* Auth */,
				E10000010000000000000006 /* Profile */,
				E10000010000000000000007 /* Components */,
			);
			path = Views;
			sourceTree = "<group>";
		};
		E10000010000000000000005 /* Auth */ = {
			isa = PBXGroup;
			children = (
				B10000010000000000000010 /* LoginView.swift */,
			);
			path = Auth;
			sourceTree = "<group>";
		};
		E10000010000000000000006 /* Profile */ = {
			isa = PBXGroup;
			children = (
				B10000010000000000000011 /* AnalyticsView.swift */,
				B10000010000000000000012 /* RankingsView.swift */,
			);
			path = Profile;
			sourceTree = "<group>";
		};
		E10000010000000000000007 /* Components */ = {
			isa = PBXGroup;
			children = (
				B10000010000000000000013 /* PostRow.swift */,
				B10000010000000000000014 /* CourseRow.swift */,
				B10000010000000000000015 /* StatsCard.swift */,
			);
			path = Components;
			sourceTree = "<group>";
		};
		E10000010000000000000008 /* ViewModels */ = {
			isa = PBXGroup;
			children = (
				B10000010000000000000016 /* AppViewModel.swift */,
				B10000010000000000000017 /* FeedViewModel.swift */,
				B10000010000000000000018 /* CourseViewModel.swift */,
			);
			path = ViewModels;
			sourceTree = "<group>";
		};
		E10000010000000000000009 /* Models */ = {
			isa = PBXGroup;
			children = (
				B23958082F47EADB00CD4EDA /* DatabaseModels.swift */,
				B10000010000000000000019 /* User.swift */,
				B10000010000000000000020 /* Post.swift */,
				B10000010000000000000021 /* Course.swift */,
				B10000010000000000000022 /* Round.swift */,
			);
			path = Models;
			sourceTree = "<group>";
		};
		E10000010000000000000010 /* Services */ = {
			isa = PBXGroup;
			children = (
				B23958042F47EABE00CD4EDA /* Secrets.swift */,
				B23958052F47EABE00CD4EDA /* SupabaseClient.swift */,
				B10000010000000000000023 /* APIService.swift */,
			);
			path = Services;
			sourceTree = "<group>";
		};
		E10000010000000000000011 /* Fonts */ = {
			isa = PBXGroup;
			children = (
				B10000010000000000000024 /* Fredoka-Variable.ttf */,
			);
			path = Fonts;
			sourceTree = "<group>";
		};
		E10000010000000000000099 /* Products */ = {
			isa = PBXGroup;
			children = (
				C10000010000000000000001 /* SwingApp.app */,
			);
			name = Products;
			sourceTree = "<group>";
		};
/* End PBXGroup section */

/* Begin PBXNativeTarget section */
		F10000010000000000000001 /* SwingApp */ = {
			isa = PBXNativeTarget;
			buildConfigurationList = F20000010000000000000003 /* Build configuration list for PBXNativeTarget "SwingApp" */;
			buildPhases = (
				F10000010000000000000002 /* Sources */,
				D10000010000000000000001 /* Frameworks */,
				F10000010000000000000003 /* Resources */,
			);
			buildRules = (
			);
			dependencies = (
			);
			name = SwingApp;
			productName = SwingApp;
			productReference = C10000010000000000000001 /* SwingApp.app */;
			productType = "com.apple.product-type.application";
		};
/* End PBXNativeTarget section */

/* Begin PBXProject section */
		F10000010000000000000099 /* Project object */ = {
			isa = PBXProject;
			attributes = {
				BuildIndependentTargetsInParallel = 1;
				LastSwiftUpdateCheck = 1540;
				LastUpgradeCheck = 1540;
				TargetAttributes = {
					F10000010000000000000001 = {
						CreatedOnToolsVersion = 15.4;
					};
				};
			};
			buildConfigurationList = F20000010000000000000001 /* Build configuration list for PBXProject "SwingApp" */;
			compatibilityVersion = "Xcode 14.0";
			developmentRegion = en;
			hasScannedForEncodings = 0;
			knownRegions = (
				en,
				Base,
			);
			mainGroup = E10000010000000000000001;
			packageReferences = (
				B23958002F47E83700CD4EDA /* XCRemoteSwiftPackageReference "supabase-swift" */,
			);
			productRefGroup = E10000010000000000000099 /* Products */;
			projectDirPath = "";
			projectRoot = "";
			targets = (
				F10000010000000000000001 /* SwingApp */,
			);
		};
/* End PBXProject section */

/* Begin PBXResourcesBuildPhase section */
		F10000010000000000000003 /* Resources */ = {
			isa = PBXResourcesBuildPhase;
			buildActionMask = 2147483647;
			files = (
				A10000010000000000000024 /* Fredoka-Variable.ttf in Resources */,
			);
			runOnlyForDeploymentPostprocessing = 0;
		};
/* End PBXResourcesBuildPhase section */

/* Begin PBXSourcesBuildPhase section */
		F10000010000000000000002 /* Sources */ = {
			isa = PBXSourcesBuildPhase;
			buildActionMask = 2147483647;
			files = (
				A10000010000000000000001 /* SwingApp.swift in Sources */,
				A10000010000000000000002 /* ContentView.swift in Sources */,
				A10000010000000000000003 /* GolfrTheme.swift in Sources */,
				B23958062F47EABF00CD4EDA /* SupabaseClient.swift in Sources */,
				B23958072F47EABF00CD4EDA /* Secrets.swift in Sources */,
				A10000010000000000000004 /* MainTabView.swift in Sources */,
				A10000010000000000000005 /* FeedView.swift in Sources */,
				A10000010000000000000006 /* CourseSearchView.swift in Sources */,
				A10000010000000000000007 /* ProfileView.swift in Sources */,
				A10000010000000000000008 /* ActivityView.swift in Sources */,
				A10000010000000000000009 /* AddRoundView.swift in Sources */,
				A10000010000000000000010 /* LoginView.swift in Sources */,
				A10000010000000000000011 /* AnalyticsView.swift in Sources */,
				A10000010000000000000012 /* RankingsView.swift in Sources */,
				B23958092F47EADB00CD4EDA /* DatabaseModels.swift in Sources */,
				A10000010000000000000013 /* PostRow.swift in Sources */,
				A10000010000000000000014 /* CourseRow.swift in Sources */,
				A10000010000000000000015 /* StatsCard.swift in Sources */,
				A10000010000000000000016 /* AppViewModel.swift in Sources */,
				A10000010000000000000017 /* FeedViewModel.swift in Sources */,
				A10000010000000000000018 /* CourseViewModel.swift in Sources */,
				A10000010000000000000019 /* User.swift in Sources */,
				A10000010000000000000020 /* Post.swift in Sources */,
				A10000010000000000000021 /* Course.swift in Sources */,
				A10000010000000000000022 /* Round.swift in Sources */,
				A10000010000000000000023 /* APIService.swift in Sources */,
			);
			runOnlyForDeploymentPostprocessing = 0;
		};
/* End PBXSourcesBuildPhase section */

/* Begin XCBuildConfiguration section */
		F20000010000000000000010 /* Debug */ = {
			isa = XCBuildConfiguration;
			buildSettings = {
				ALWAYS_SEARCH_USER_PATHS = NO;
				ASSETCATALOG_COMPILER_GENERATE_SWIFT_ASSET_SYMBOL_EXTENSIONS = YES;
				CLANG_ANALYZER_NONNULL = YES;
				CLANG_ANALYZER_NUMBER_OBJECT_CONVERSION = YES_AGGRESSIVE;
				CLANG_CXX_LANGUAGE_STANDARD = "gnu++20";
				CLANG_ENABLE_MODULES = YES;
				CLANG_ENABLE_OBJC_ARC = YES;
				CLANG_ENABLE_OBJC_WEAK = YES;
				CLANG_WARN_BLOCK_CAPTURE_AUTORELEASING = YES;
				CLANG_WARN_BOOL_CONVERSION = YES;
				CLANG_WARN_COMMA = YES;
				CLANG_WARN_CONSTANT_CONVERSION = YES;
				CLANG_WARN_DEPRECATED_OBJC_IMPLEMENTATIONS = YES;
				CLANG_WARN_DIRECT_OBJC_ISA_USAGE = YES_ERROR;
				CLANG_WARN_DOCUMENTATION_COMMENTS = YES;
				CLANG_WARN_EMPTY_BODY = YES;
				CLANG_WARN_ENUM_CONVERSION = YES;
				CLANG_WARN_INFINITE_RECURSION = YES;
				CLANG_WARN_INT_CONVERSION = YES;
				CLANG_WARN_NON_LITERAL_NULL_CONVERSION = YES;
				CLANG_WARN_OBJC_IMPLICIT_RETAIN_SELF = YES;
				CLANG_WARN_OBJC_LITERAL_CONVERSION = YES;
				CLANG_WARN_OBJC_ROOT_CLASS = YES_ERROR;
				CLANG_WARN_QUOTED_INCLUDE_IN_FRAMEWORK_HEADER = YES;
				CLANG_WARN_RANGE_LOOP_ANALYSIS = YES;
				CLANG_WARN_STRICT_PROTOTYPES = YES;
				CLANG_WARN_SUSPICIOUS_MOVE = YES;
				CLANG_WARN_UNGUARDED_AVAILABILITY = YES_AGGRESSIVE;
				CLANG_WARN_UNREACHABLE_CODE = YES;
				CLANG_WARN__DUPLICATE_METHOD_MATCH = YES;
				COPY_PHASE_STRIP = NO;
				DEBUG_INFORMATION_FORMAT = dwarf;
				ENABLE_STRICT_OBJC_MSGSEND = YES;
				ENABLE_TESTABILITY = YES;
				ENABLE_USER_SCRIPT_SANDBOXING = YES;
				GCC_C_LANGUAGE_STANDARD = gnu17;
				GCC_DYNAMIC_NO_PIC = NO;
				GCC_NO_COMMON_BLOCKS = YES;
				GCC_OPTIMIZATION_LEVEL = 0;
				GCC_PREPROCESSOR_DEFINITIONS = (
					"DEBUG=1",
					"$(inherited)",
				);
				GCC_WARN_64_TO_32_BIT_CONVERSION = YES;
				GCC_WARN_ABOUT_RETURN_TYPE = YES_ERROR;
				GCC_WARN_UNDECLARED_SELECTOR = YES;
				GCC_WARN_UNINITIALIZED_AUTOS = YES_AGGRESSIVE;
				GCC_WARN_UNUSED_FUNCTION = YES;
				GCC_WARN_UNUSED_VARIABLE = YES;
				IPHONEOS_DEPLOYMENT_TARGET = 16.0;
				LOCALIZATION_PREFERS_STRING_CATALOGS = YES;
				MTL_ENABLE_DEBUG_INFO = INCLUDE_SOURCE;
				MTL_FAST_MATH = YES;
				ONLY_ACTIVE_ARCH = YES;
				SDKROOT = iphoneos;
				SWIFT_ACTIVE_COMPILATION_CONDITIONS = "DEBUG $(inherited)";
				SWIFT_OPTIMIZATION_LEVEL = "-Onone";
			};
			name = Debug;
		};
		F20000010000000000000011 /* Release */ = {
			isa = XCBuildConfiguration;
			buildSettings = {
				ALWAYS_SEARCH_USER_PATHS = NO;
				ASSETCATALOG_COMPILER_GENERATE_SWIFT_ASSET_SYMBOL_EXTENSIONS = YES;
				CLANG_ANALYZER_NONNULL = YES;
				CLANG_ANALYZER_NUMBER_OBJECT_CONVERSION = YES_AGGRESSIVE;
				CLANG_CXX_LANGUAGE_STANDARD = "gnu++20";
				CLANG_ENABLE_MODULES = YES;
				CLANG_ENABLE_OBJC_ARC = YES;
				CLANG_ENABLE_OBJC_WEAK = YES;
				CLANG_WARN_BLOCK_CAPTURE_AUTORELEASING = YES;
				CLANG_WARN_BOOL_CONVERSION = YES;
				CLANG_WARN_COMMA = YES;
				CLANG_WARN_CONSTANT_CONVERSION = YES;
				CLANG_WARN_DEPRECATED_OBJC_IMPLEMENTATIONS = YES;
				CLANG_WARN_DIRECT_OBJC_ISA_USAGE = YES_ERROR;
				CLANG_WARN_DOCUMENTATION_COMMENTS = YES;
				CLANG_WARN_EMPTY_BODY = YES;
				CLANG_WARN_ENUM_CONVERSION = YES;
				CLANG_WARN_INFINITE_RECURSION = YES;
				CLANG_WARN_INT_CONVERSION = YES;
				CLANG_WARN_NON_LITERAL_NULL_CONVERSION = YES;
				CLANG_WARN_OBJC_IMPLICIT_RETAIN_SELF = YES;
				CLANG_WARN_OBJC_LITERAL_CONVERSION = YES;
				CLANG_WARN_OBJC_ROOT_CLASS = YES_ERROR;
				CLANG_WARN_QUOTED_INCLUDE_IN_FRAMEWORK_HEADER = YES;
				CLANG_WARN_RANGE_LOOP_ANALYSIS = YES;
				CLANG_WARN_STRICT_PROTOTYPES = YES;
				CLANG_WARN_SUSPICIOUS_MOVE = YES;
				CLANG_WARN_UNGUARDED_AVAILABILITY = YES_AGGRESSIVE;
				CLANG_WARN_UNREACHABLE_CODE = YES;
				CLANG_WARN__DUPLICATE_METHOD_MATCH = YES;
				COPY_PHASE_STRIP = NO;
				DEBUG_INFORMATION_FORMAT = "dwarf-with-dsym";
				ENABLE_NS_ASSERTIONS = NO;
				ENABLE_STRICT_OBJC_MSGSEND = YES;
				ENABLE_USER_SCRIPT_SANDBOXING = YES;
				GCC_C_LANGUAGE_STANDARD = gnu17;
				GCC_NO_COMMON_BLOCKS = YES;
				GCC_WARN_64_TO_32_BIT_CONVERSION = YES;
				GCC_WARN_ABOUT_RETURN_TYPE = YES_ERROR;
				GCC_WARN_UNDECLARED_SELECTOR = YES;
				GCC_WARN_UNINITIALIZED_AUTOS = YES_AGGRESSIVE;
				GCC_WARN_UNUSED_FUNCTION = YES;
				GCC_WARN_UNUSED_VARIABLE = YES;
				IPHONEOS_DEPLOYMENT_TARGET = 16.0;
				LOCALIZATION_PREFERS_STRING_CATALOGS = YES;
				MTL_ENABLE_DEBUG_INFO = NO;
				MTL_FAST_MATH = YES;
				SDKROOT = iphoneos;
				SWIFT_COMPILATION_MODE = wholemodule;
				VALIDATE_PRODUCT = YES;
			};
			name = Release;
		};
		F20000010000000000000020 /* Debug */ = {
			isa = XCBuildConfiguration;
			buildSettings = {
				ASSETCATALOG_COMPILER_APPICON_NAME = AppIcon;
				ASSETCATALOG_COMPILER_GLOBAL_ACCENT_COLOR_NAME = AccentColor;
				CODE_SIGN_STYLE = Automatic;
				CURRENT_PROJECT_VERSION = 1;
				DEVELOPMENT_TEAM = TZ5U47S57L;
				ENABLE_PREVIEWS = YES;
				GENERATE_INFOPLIST_FILE = YES;
				INFOPLIST_KEY_UIAppFonts = "Fredoka-Variable.ttf";
				INFOPLIST_KEY_UIApplicationSceneManifest_Generation = YES;
				INFOPLIST_KEY_UIApplicationSupportsIndirectInputEvents = YES;
				INFOPLIST_KEY_UILaunchScreen_Generation = YES;
				INFOPLIST_KEY_UISupportedInterfaceOrientations_iPad = "UIInterfaceOrientationPortrait UIInterfaceOrientationPortraitUpsideDown UIInterfaceOrientationLandscapeLeft UIInterfaceOrientationLandscapeRight";
				INFOPLIST_KEY_UISupportedInterfaceOrientations_iPhone = "UIInterfaceOrientationPortrait UIInterfaceOrientationLandscapeLeft UIInterfaceOrientationLandscapeRight";
				LD_RUNPATH_SEARCH_PATHS = (
					"$(inherited)",
					"@executable_path/Frameworks",
				);
				MARKETING_VERSION = 1.0;
				PRODUCT_BUNDLE_IDENTIFIER = com.golfr.SwingApp;
				PRODUCT_NAME = "$(TARGET_NAME)";
				SWIFT_EMIT_LOC_STRINGS = YES;
				SWIFT_VERSION = 5.0;
				TARGETED_DEVICE_FAMILY = "1,2";
			};
			name = Debug;
		};
		F20000010000000000000021 /* Release */ = {
			isa = XCBuildConfiguration;
			buildSettings = {
				ASSETCATALOG_COMPILER_APPICON_NAME = AppIcon;
				ASSETCATALOG_COMPILER_GLOBAL_ACCENT_COLOR_NAME = AccentColor;
				CODE_SIGN_STYLE = Automatic;
				CURRENT_PROJECT_VERSION = 1;
				DEVELOPMENT_TEAM = TZ5U47S57L;
				ENABLE_PREVIEWS = YES;
				GENERATE_INFOPLIST_FILE = YES;
				INFOPLIST_KEY_UIAppFonts = "Fredoka-Variable.ttf";
				INFOPLIST_KEY_UIApplicationSceneManifest_Generation = YES;
				INFOPLIST_KEY_UIApplicationSupportsIndirectInputEvents = YES;
				INFOPLIST_KEY_UILaunchScreen_Generation = YES;
				INFOPLIST_KEY_UISupportedInterfaceOrientations_iPad = "UIInterfaceOrientationPortrait UIInterfaceOrientationPortraitUpsideDown UIInterfaceOrientationLandscapeLeft UIInterfaceOrientationLandscapeRight";
				INFOPLIST_KEY_UISupportedInterfaceOrientations_iPhone = "UIInterfaceOrientationPortrait UIInterfaceOrientationLandscapeLeft UIInterfaceOrientationLandscapeRight";
				LD_RUNPATH_SEARCH_PATHS = (
					"$(inherited)",
					"@executable_path/Frameworks",
				);
				MARKETING_VERSION = 1.0;
				PRODUCT_BUNDLE_IDENTIFIER = com.golfr.SwingApp;
				PRODUCT_NAME = "$(TARGET_NAME)";
				SWIFT_EMIT_LOC_STRINGS = YES;
				SWIFT_VERSION = 5.0;
				TARGETED_DEVICE_FAMILY = "1,2";
			};
			name = Release;
		};
/* End XCBuildConfiguration section */

/* Begin XCConfigurationList section */
		F20000010000000000000001 /* Build configuration list for PBXProject "SwingApp" */ = {
			isa = XCConfigurationList;
			buildConfigurations = (
				F20000010000000000000010 /* Debug */,
				F20000010000000000000011 /* Release */,
			);
			defaultConfigurationIsVisible = 0;
			defaultConfigurationName = Release;
		};
		F20000010000000000000003 /* Build configuration list for PBXNativeTarget "SwingApp" */ = {
			isa = XCConfigurationList;
			buildConfigurations = (
				F20000010000000000000020 /* Debug */,
				F20000010000000000000021 /* Release */,
			);
			defaultConfigurationIsVisible = 0;
			defaultConfigurationName = Release;
		};
/* End XCConfigurationList section */

/* Begin XCRemoteSwiftPackageReference section */
		B23958002F47E83700CD4EDA /* XCRemoteSwiftPackageReference "supabase-swift" */ = {
			isa = XCRemoteSwiftPackageReference;
			repositoryURL = "https://github.com/supabase/supabase-swift";
			requirement = {
				kind = upToNextMajorVersion;
				minimumVersion = 2.5.1;
			};
		};
/* End XCRemoteSwiftPackageReference section */

/* Begin XCSwiftPackageProductDependency section */
		B23958022F47E95500CD4EDA /* Supabase */ = {
			isa = XCSwiftPackageProductDependency;
			package = B23958002F47E83700CD4EDA /* XCRemoteSwiftPackageReference "supabase-swift" */;
			productName = Supabase;
		};
/* End XCSwiftPackageProductDependency section */
	};
	rootObject = F10000010000000000000099 /* Project object */;
}
